
Microsoft Visual Studio Solution File, Format Version 12.00
# Visual Studio Version 17
VisualStudioVersion = 17.7.34221.43
MinimumVisualStudioVersion = 10.0.40219.1
Project("{9A19103F-16F7-4668-BE54-9A1E7A4F7556}") = "StockTracker", "StockTracker\StockTracker.csproj", "{0E47DDBE-4CF1-4251-B635-1EBC228DA719}"
EndProject
Global
	GlobalSection(SolutionConfigurationPlatforms) = preSolution
		Debug|Any CPU = Debug|Any CPU
		Release|Any CPU = Release|Any CPU
	EndGlobalSection
	GlobalSection(ProjectConfigurationPlatforms) = postSolution
		{0E47DDBE-4CF1-4251-B635-1EBC228DA719}.Debug|Any CPU.ActiveCfg = Debug|Any CPU
		{0E47DDBE-4CF1-4251-B635-1EBC228DA719}.Debug|Any CPU.Build.0 = Debug|Any CPU
		{0E47DDBE-4CF1-4251-B635-1EBC228DA719}.Release|Any CPU.ActiveCfg = Release|Any CPU
		{0E47DDBE-4CF1-4251-B635-1EBC228DA719}.Release|Any CPU.Build.0 = Release|Any CPU
	EndGlobalSection
	GlobalSection(SolutionProperties) = preSolution
		HideSolutionNode = FALSE
	EndGlobalSection
	GlobalSection(ExtensibilityGlobals) = postSolution
		SolutionGuid = {E2185AD1-DE53-4B1D-921F-89D1E76F7DC1}
	EndGlobalSection
EndGlobal
